# THIS IS AN AUTOGENERATED FILE. DO NOT EDIT THIS FILE DIRECTLY.
# yarn lockfile v1


nuxt-property-decorator@^2.8.8:
  version "2.8.8"
  resolved "https://registry.yarnpkg.com/nuxt-property-decorator/-/nuxt-property-decorator-2.8.8.tgz#a383fdaa9a94f79937a1add0218a6736ff1a8f25"
  integrity sha512-JdSbzZmiHk47ZSDZ1sF2iYTr13fVKUrtqj+e/APtRjkKhFNpmNpjlWycjKsDE+UxJQtDcNrmGKYWhwaP6hOXBg==
  dependencies:
    vue-class-component "^7.2.6"
    vue-property-decorator "^9.0.0"
    vuex-class "^0.3.2"
    vuex-module-decorators "^1.0.1"

vue-class-component@^7.2.6:
  version "7.2.6"
  resolved "https://registry.yarnpkg.com/vue-class-component/-/vue-class-component-7.2.6.tgz#8471e037b8e4762f5a464686e19e5afc708502e4"
  integrity sha512-+eaQXVrAm/LldalI272PpDe3+i4mPis0ORiMYxF6Ae4hyuCh15W8Idet7wPUEs4N4YptgFHGys4UrgNQOMyO6w==

vue-property-decorator@^9.0.0:
  version "9.1.2"
  resolved "https://registry.yarnpkg.com/vue-property-decorator/-/vue-property-decorator-9.1.2.tgz#266a2eac61ba6527e2e68a6933cfb98fddab5457"
  integrity sha512-xYA8MkZynPBGd/w5QFJ2d/NM0z/YeegMqYTphy7NJQXbZcuU6FC6AOdUAcy4SXP+YnkerC6AfH+ldg7PDk9ESQ==

vuex-class@^0.3.2:
  version "0.3.2"
  resolved "https://registry.yarnpkg.com/vuex-class/-/vuex-class-0.3.2.tgz#c7e96a076c1682137d4d23a8dcfdc63f220e17a8"
  integrity sha512-m0w7/FMsNcwJgunJeM+wcNaHzK2KX1K1rw2WUQf7Q16ndXHo7pflRyOV/E8795JO/7fstyjH3EgqBI4h4n4qXQ==

vuex-module-decorators@^1.0.1:
  version "1.0.1"
  resolved "https://registry.yarnpkg.com/vuex-module-decorators/-/vuex-module-decorators-1.0.1.tgz#d34dafb5428a3636f1c26d3d014c15fc9659ccd0"
  integrity sha512-FLWZsXV5XAtl/bcKUyQFpnSBtpc3wK/7zSdy9oKbyp71mZd4ut5y2zSd219wWW9OG7WUOlVwac4rXFFDVnq7ug==
